
Microsoft Visual Studio Solution File, Format Version 12.00
# Visual Studio Version 17
VisualStudioVersion = 17.3.32901.215
MinimumVisualStudioVersion = 10.0.40219.1
Project("{FAE04EC0-301F-11D3-BF4B-00C04F79EFBC}") = "IRF05_WEB", "IRF05_WEB\IRF05_WEB.csproj", "{C55FAA71-FF4E-459C-87F7-455C25AE5B4C}"
EndProject
Global
	GlobalSection(SolutionConfigurationPlatforms) = preSolution
		Debug|Any CPU = Debug|Any CPU
		Release|Any CPU = Release|Any CPU
	EndGlobalSection
	GlobalSection(ProjectConfigurationPlatforms) = postSolution
		{C55FAA71-FF4E-459C-87F7-455C25AE5B4C}.Debug|Any CPU.ActiveCfg = Debug|Any CPU
		{C55FAA71-FF4E-459C-87F7-455C25AE5B4C}.Debug|Any CPU.Build.0 = Debug|Any CPU
		{C55FAA71-FF4E-459C-87F7-455C25AE5B4C}.Release|Any CPU.ActiveCfg = Release|Any CPU
		{C55FAA71-FF4E-459C-87F7-455C25AE5B4C}.Release|Any CPU.Build.0 = Release|Any CPU
	EndGlobalSection
	GlobalSection(SolutionProperties) = preSolution
		HideSolutionNode = FALSE
	EndGlobalSection
	GlobalSection(ExtensibilityGlobals) = postSolution
		SolutionGuid = {855E42E5-4C83-4FC2-B039-34FD0E5E056D}
	EndGlobalSection
EndGlobal
